// !$*UTF8*$!
{
	archiveVersion = 1;
	classes = {
	};
	objectVersion = 46;
	objects = {

/* Begin PBXBuildFile section */
		A65185F61C9C31A7007372C7 /* AppDelegate.swift in Sources */ = {isa = PBXBuildFile; fileRef = A65185F51C9C31A7007372C7 /* AppDelegate.swift */; };
		A65185F81C9C31A7007372C7 /* ViewController.swift in Sources */ = {isa = PBXBuildFile; fileRef = A65185F71C9C31A7007372C7 /* ViewController.swift */; };
		A65185FB1C9C31A7007372C7 /* Main.storyboard in Resources */ = {isa = PBXBuildFile; fileRef = A65185F91C9C31A7007372C7 /* Main.storyboard */; };
		A65185FD1C9C31A7007372C7 /* Assets.xcassets in Resources */ = {isa = PBXBuildFile; fileRef = A65185FC1C9C31A7007372C7 /* Assets.xcassets */; };
		A65186001C9C31A7007372C7 /* LaunchScreen.storyboard in Resources */ = {isa = PBXBuildFile; fileRef = A65185FE1C9C31A7007372C7 /* LaunchScreen.storyboard */; };
		A65186081C9C322F007372C7 /* Header.xib in Resources */ = {isa = PBXBuildFile; fileRef = A65186071C9C322F007372C7 /* Header.xib */; };
		A651860A1C9C6F5E007372C7 /* MyCollectionViewController.swift in Sources */ = {isa = PBXBuildFile; fileRef = A65186091C9C6F5E007372C7 /* MyCollectionViewController.swift */; };
		A651860C1C9C6FFA007372C7 /* HeaderCollectionReusableView.swift in Sources */ = {isa = PBXBuildFile; fileRef = A651860B1C9C6FFA007372C7 /* HeaderCollectionReusableView.swift */; };
/* End PBXBuildFile section */

/* Begin PBXFileReference section */
		A65185F21C9C31A7007372C7 /* CollectionViewHeaderDemo.app */ = {isa = PBXFileReference; explicitFileType = wrapper.application; includeInIndex = 0; path = CollectionViewHeaderDemo.app; sourceTree = BUILT_PRODUCTS_DIR; };
		A65185F51C9C31A7007372C7 /* AppDelegate.swift */ = {isa = PBXFileReference; lastKnownFileType = sourcecode.swift; path = AppDelegate.swift; sourceTree = "<group>"; };
		A65185F71C9C31A7007372C7 /* ViewController.swift */ = {isa = PBXFileReference; lastKnownFileType = sourcecode.swift; path = ViewController.swift; sourceTree = "<group>"; };
		A65185FA1C9C31A7007372C7 /* Base */ = {isa = PBXFileReference; lastKnownFileType = file.storyboard; name = Base; path = Base.lproj/Main.storyboard; sourceTree = "<group>"; };
		A65185FC1C9C31A7007372C7 /* Assets.xcassets */ = {isa = PBXFileReference; lastKnownFileType = folder.assetcatalog; path = Assets.xcassets; sourceTree = "<group>"; };
		A65185FF1C9C31A7007372C7 /* Base */ = {isa = PBXFileReference; lastKnownFileType = file.storyboard; name = Base; path = Base.lproj/LaunchScreen.storyboard; sourceTree = "<group>"; };
		A65186011C9C31A7007372C7 /* Info.plist */ = {isa = PBXFileReference; lastKnownFileType = text.plist.xml; path = Info.plist; sourceTree = "<group>"; };
		A65186071C9C322F007372C7 /* Header.xib */ = {isa = PBXFileReference; fileEncoding = 4; lastKnownFileType = file.xib; path = Header.xib; sourceTree = "<group>"; };
		A65186091C9C6F5E007372C7 /* MyCollectionViewController.swift */ = {isa = PBXFileReference; fileEncoding = 4; lastKnownFileType = sourcecode.swift; path = MyCollectionViewController.swift; sourceTree = "<group>"; };
		A651860B1C9C6FFA007372C7 /* HeaderCollectionReusableView.swift */ = {isa = PBXFileReference; fileEncoding = 4; lastKnownFileType = sourcecode.swift; path = HeaderCollectionReusableView.swift; sourceTree = "<group>"; };
/* End PBXFileReference section */

/* Begin PBXFrameworksBuildPhase section */
		A65185EF1C9C31A7007372C7 /* Frameworks */ = {
			isa = PBXFrameworksBuildPhase;
			buildActionMask = 2147483647;
			files = (
			);
			runOnlyForDeploymentPostprocessing = 0;
		};
/* End PBXFrameworksBuildPhase section */

/* Begin PBXGroup section */
		A65185E91C9C31A7007372C7 = {
			isa = PBXGroup;
			children = (
				A65185F41C9C31A7007372C7 /* CollectionViewHeaderDemo */,
				A65185F31C9C31A7007372C7 /* Products */,
			);
			sourceTree = "<group>";
		};
		A65185F31C9C31A7007372C7 /* Products */ = {
			isa = PBXGroup;
			children = (
				A65185F21C9C31A7007372C7 /* CollectionViewHeaderDemo.app */,
			);
			name = Products;
			sourceTree = "<group>";
		};
		A65185F41C9C31A7007372C7 /* CollectionViewHeaderDemo */ = {
			isa = PBXGroup;
			children = (
				A65185F51C9C31A7007372C7 /* AppDelegate.swift */,
				A65185F71C9C31A7007372C7 /* ViewController.swift */,
				A65185F91C9C31A7007372C7 /* Main.storyboard */,
				A65185FC1C9C31A7007372C7 /* Assets.xcassets */,
				A65185FE1C9C31A7007372C7 /* LaunchScreen.storyboard */,
				A65186011C9C31A7007372C7 /* Info.plist */,
				A65186071C9C322F007372C7 /* Header.xib */,
				A651860B1C9C6FFA007372C7 /* HeaderCollectionReusableView.swift */,
				A65186091C9C6F5E007372C7 /* MyCollectionViewController.swift */,
			);
			path = CollectionViewHeaderDemo;
			sourceTree = "<group>";
		};
/* End PBXGroup section */

/* Begin PBXNativeTarget section */
		A65185F11C9C31A7007372C7 /* CollectionViewHeaderDemo */ = {
			isa = PBXNativeTarget;
			buildConfigurationList = A65186041C9C31A7007372C7 /* Build configuration list for PBXNativeTarget "CollectionViewHeaderDemo" */;
			buildPhases = (
				A65185EE1C9C31A7007372C7 /* Sources */,
				A65185EF1C9C31A7007372C7 /* Frameworks */,
				A65185F01C9C31A7007372C7 /* Resources */,
			);
			buildRules = (
			);
			dependencies = (
			);
			name = CollectionViewHeaderDemo;
			productName = CollectionViewHeaderDemo;
			productReference = A65185F21C9C31A7007372C7 /* CollectionViewHeaderDemo.app */;
			productType = "com.apple.product-type.application";
		};
/* End PBXNativeTarget section */

/* Begin PBXProject section */
		A65185EA1C9C31A7007372C7 /* Project object */ = {
			isa = PBXProject;
			attributes = {
				LastSwiftUpdateCheck = 0720;
				LastUpgradeCheck = 0720;
				ORGANIZATIONNAME = "Peter Pan";
				TargetAttributes = {
					A65185F11C9C31A7007372C7 = {
						CreatedOnToolsVersion = 7.2;
					};
				};
			};
			buildConfigurationList = A65185ED1C9C31A7007372C7 /* Build configuration list for PBXProject "CollectionViewHeaderDemo" */;
			compatibilityVersion = "Xcode 3.2";
			developmentRegion = English;
			hasScannedForEncodings = 0;
			knownRegions = (
				en,
				Base,
			);
			mainGroup = A65185E91C9C31A7007372C7;
			productRefGroup = A65185F31C9C31A7007372C7 /* Products */;
			projectDirPath = "";
			projectRoot = "";
			targets = (
				A65185F11C9C31A7007372C7 /* CollectionViewHeaderDemo */,
			);
		};
/* End PBXProject section */

/* Begin PBXResourcesBuildPhase section */
		A65185F01C9C31A7007372C7 /* Resources */ = {
			isa = PBXResourcesBuildPhase;
			buildActionMask = 2147483647;
			files = (
				A65186081C9C322F007372C7 /* Header.xib in Resources */,
				A65186001C9C31A7007372C7 /* LaunchScreen.storyboard in Resources */,
				A65185FD1C9C31A7007372C7 /* Assets.xcassets in Resources */,
				A65185FB1C9C31A7007372C7 /* Main.storyboard in Resources */,
			);
			runOnlyForDeploymentPostprocessing = 0;
		};
/* End PBXResourcesBuildPhase section */

/* Begin PBXSourcesBuildPhase section */
		A65185EE1C9C31A7007372C7 /* Sources */ = {
			isa = PBXSourcesBuildPhase;
			buildActionMask = 2147483647;
			files = (
				A651860C1C9C6FFA007372C7 /* HeaderCollectionReusableView.swift in Sources */,
				A65185F81C9C31A7007372C7 /* ViewController.swift in Sources */,
				A65185F61C9C31A7007372C7 /* AppDelegate.swift in Sources */,
				A651860A1C9C6F5E007372C7 /* MyCollectionViewController.swift in Sources */,
			);
			runOnlyForDeploymentPostprocessing = 0;
		};
/* End PBXSourcesBuildPhase section */

/* Begin PBXVariantGroup section */
		A65185F91C9C31A7007372C7 /* Main.storyboard */ = {
			isa = PBXVariantGroup;
			children = (
				A65185FA1C9C31A7007372C7 /* Base */,
			);
			name = Main.storyboard;
			sourceTree = "<group>";
		};
		A65185FE1C9C31A7007372C7 /* LaunchScreen.storyboard */ = {
			isa = PBXVariantGroup;
			children = (
				A65185FF1C9C31A7007372C7 /* Base */,
			);
			name = LaunchScreen.storyboard;
			sourceTree = "<group>";
		};
/* End PBXVariantGroup section */

/* Begin XCBuildConfiguration section */
		A65186021C9C31A7007372C7 /* Debug */ = {
			isa = XCBuildConfiguration;
			buildSettings = {
				ALWAYS_SEARCH_USER_PATHS = NO;
				CLANG_CXX_LANGUAGE_STANDARD = "gnu++0x";
				CLANG_CXX_LIBRARY = "libc++";
				CLANG_ENABLE_MODULES = YES;
				CLANG_ENABLE_OBJC_ARC = YES;
				CLANG_WARN_BOOL_CONVERSION = YES;
				CLANG_WARN_CONSTANT_CONVERSION = YES;
				CLANG_WARN_DIRECT_OBJC_ISA_USAGE = YES_ERROR;
				CLANG_WARN_EMPTY_BODY = YES;
				CLANG_WARN_ENUM_CONVERSION = YES;
				CLANG_WARN_INT_CONVERSION = YES;
				CLANG_WARN_OBJC_ROOT_CLASS = YES_ERROR;
				CLANG_WARN_UNREACHABLE_CODE = YES;
				CLANG_WARN__DUPLICATE_METHOD_MATCH = YES;
				"CODE_SIGN_IDENTITY[sdk=iphoneos*]" = "iPhone Developer";
				COPY_PHASE_STRIP = NO;
				DEBUG_INFORMATION_FORMAT = dwarf;
				ENABLE_STRICT_OBJC_MSGSEND = YES;
				ENABLE_TESTABILITY = YES;
				GCC_C_LANGUAGE_STANDARD = gnu99;
				GCC_DYNAMIC_NO_PIC = NO;
				GCC_NO_COMMON_BLOCKS = YES;
				GCC_OPTIMIZATION_LEVEL = 0;
				GCC_PREPROCESSOR_DEFINITIONS = (
					"DEBUG=1",
					"$(inherited)",
				);
				GCC_WARN_64_TO_32_BIT_CONVERSION = YES;
				GCC_WARN_ABOUT_RETURN_TYPE = YES_ERROR;
				GCC_WARN_UNDECLARED_SELECTOR = YES;
				GCC_WARN_UNINITIALIZED_AUTOS = YES_AGGRESSIVE;
				GCC_WARN_UNUSED_FUNCTION = YES;
				GCC_WARN_UNUSED_VARIABLE = YES;
				IPHONEOS_DEPLOYMENT_TARGET = 9.2;
				MTL_ENABLE_DEBUG_INFO = YES;
				ONLY_ACTIVE_ARCH = YES;
				SDKROOT = iphoneos;
				SWIFT_OPTIMIZATION_LEVEL = "-Onone";
			};
			name = Debug;
		};
		A65186031C9C31A7007372C7 /* Release */ = {
			isa = XCBuildConfiguration;
			buildSettings = {
				ALWAYS_SEARCH_USER_PATHS = NO;
				CLANG_CXX_LANGUAGE_STANDARD = "gnu++0x";
				CLANG_CXX_LIBRARY = "libc++";
				CLANG_ENABLE_MODULES = YES;
				CLANG_ENABLE_OBJC_ARC = YES;
				CLANG_WARN_BOOL_CONVERSION = YES;
				CLANG_WARN_CONSTANT_CONVERSION = YES;
				CLANG_WARN_DIRECT_OBJC_ISA_USAGE = YES_ERROR;
				CLANG_WARN_EMPTY_BODY = YES;
				CLANG_WARN_ENUM_CONVERSION = YES;
				CLANG_WARN_INT_CONVERSION = YES;
				CLANG_WARN_OBJC_ROOT_CLASS = YES_ERROR;
				CLANG_WARN_UNREACHABLE_CODE = YES;
				CLANG_WARN__DUPLICATE_METHOD_MATCH = YES;
				"CODE_SIGN_IDENTITY[sdk=iphoneos*]" = "iPhone Developer";
				COPY_PHASE_STRIP = NO;
				DEBUG_INFORMATION_FORMAT = "dwarf-with-dsym";
				ENABLE_NS_ASSERTIONS = NO;
				ENABLE_STRICT_OBJC_MSGSEND = YES;
				GCC_C_LANGUAGE_STANDARD = gnu99;
				GCC_NO_COMMON_BLOCKS = YES;
				GCC_WARN_64_TO_32_BIT_CONVERSION = YES;
				GCC_WARN_ABOUT_RETURN_TYPE = YES_ERROR;
				GCC_WARN_UNDECLARED_SELECTOR = YES;
				GCC_WARN_UNINITIALIZED_AUTOS = YES_AGGRESSIVE;
				GCC_WARN_UNUSED_FUNCTION = YES;
				GCC_WARN_UNUSED_VARIABLE = YES;
				IPHONEOS_DEPLOYMENT_TARGET = 9.2;
				MTL_ENABLE_DEBUG_INFO = NO;
				SDKROOT = iphoneos;
				VALIDATE_PRODUCT = YES;
			};
			name = Release;
		};
		A65186051C9C31A7007372C7 /* Debug */ = {
			isa = XCBuildConfiguration;
			buildSettings = {
				ASSETCATALOG_COMPILER_APPICON_NAME = AppIcon;
				INFOPLIST_FILE = CollectionViewHeaderDemo/Info.plist;
				LD_RUNPATH_SEARCH_PATHS = "$(inherited) @executable_path/Frameworks";
				PRODUCT_BUNDLE_IDENTIFIER = com.peter.CollectionViewHeaderDemo;
				PRODUCT_NAME = "$(TARGET_NAME)";
			};
			name = Debug;
		};
		A65186061C9C31A7007372C7 /* Release */ = {
			isa = XCBuildConfiguration;
			buildSettings = {
				ASSETCATALOG_COMPILER_APPICON_NAME = AppIcon;
				INFOPLIST_FILE = CollectionViewHeaderDemo/Info.plist;
				LD_RUNPATH_SEARCH_PATHS = "$(inherited) @executable_path/Frameworks";
				PRODUCT_BUNDLE_IDENTIFIER = com.peter.CollectionViewHeaderDemo;
				PRODUCT_NAME = "$(TARGET_NAME)";
			};
			name = Release;
		};
/* End XCBuildConfiguration section */

/* Begin XCConfigurationList section */
		A65185ED1C9C31A7007372C7 /* Build configuration list for PBXProject "CollectionViewHeaderDemo" */ = {
			isa = XCConfigurationList;
			buildConfigurations = (
				A65186021C9C31A7007372C7 /* Debug */,
				A65186031C9C31A7007372C7 /* Release */,
			);
			defaultConfigurationIsVisible = 0;
			defaultConfigurationName = Release;
		};
		A65186041C9C31A7007372C7 /* Build configuration list for PBXNativeTarget "CollectionViewHeaderDemo" */ = {
			isa = XCConfigurationList;
			buildConfigurations = (
				A65186051C9C31A7007372C7 /* Debug */,
				A65186061C9C31A7007372C7 /* Release */,
			);
			defaultConfigurationIsVisible = 0;
		};
/* End XCConfigurationList section */
	};
	rootObject = A65185EA1C9C31A7007372C7 /* Project object */;
}
